
Microsoft Visual Studio Solution File, Format Version 12.00
# Visual Studio Version 17
VisualStudioVersion = 17.5.33516.290
MinimumVisualStudioVersion = 10.0.40219.1
Project("{FAE04EC0-301F-11D3-BF4B-00C04F79EFBC}") = "alphnospcl", "alphnospcl\alphnospcl.csproj", "{A51C3666-E049-4A8F-9839-0E32F6E20943}"
EndProject
Global
	GlobalSection(SolutionConfigurationPlatforms) = preSolution
		Debug|Any CPU = Debug|Any CPU
		Release|Any CPU = Release|Any CPU
	EndGlobalSection
	GlobalSection(ProjectConfigurationPlatforms) = postSolution
		{A51C3666-E049-4A8F-9839-0E32F6E20943}.Debug|Any CPU.ActiveCfg = Debug|Any CPU
		{A51C3666-E049-4A8F-9839-0E32F6E20943}.Debug|Any CPU.Build.0 = Debug|Any CPU
		{A51C3666-E049-4A8F-9839-0E32F6E20943}.Release|Any CPU.ActiveCfg = Release|Any CPU
		{A51C3666-E049-4A8F-9839-0E32F6E20943}.Release|Any CPU.Build.0 = Release|Any CPU
	EndGlobalSection
	GlobalSection(SolutionProperties) = preSolution
		HideSolutionNode = FALSE
	EndGlobalSection
	GlobalSection(ExtensibilityGlobals) = postSolution
		SolutionGuid = {93A79136-A6D1-4CA6-87A9-6DDD25728740}
	EndGlobalSection
EndGlobal
