
Microsoft Visual Studio Solution File, Format Version 12.00
# Visual Studio Version 17
VisualStudioVersion = 17.5.33516.290
MinimumVisualStudioVersion = 10.0.40219.1
Project("{FAE04EC0-301F-11D3-BF4B-00C04F79EFBC}") = "ExcelReadWrite", "ExcelReadWrite\ExcelReadWrite.csproj", "{626ADB56-67D6-4556-9BF9-E09DEC4B2A9B}"
EndProject
Global
	GlobalSection(SolutionConfigurationPlatforms) = preSolution
		Debug|Any CPU = Debug|Any CPU
		Release|Any CPU = Release|Any CPU
	EndGlobalSection
	GlobalSection(ProjectConfigurationPlatforms) = postSolution
		{626ADB56-67D6-4556-9BF9-E09DEC4B2A9B}.Debug|Any CPU.ActiveCfg = Debug|Any CPU
		{626ADB56-67D6-4556-9BF9-E09DEC4B2A9B}.Debug|Any CPU.Build.0 = Debug|Any CPU
		{626ADB56-67D6-4556-9BF9-E09DEC4B2A9B}.Release|Any CPU.ActiveCfg = Release|Any CPU
		{626ADB56-67D6-4556-9BF9-E09DEC4B2A9B}.Release|Any CPU.Build.0 = Release|Any CPU
	EndGlobalSection
	GlobalSection(SolutionProperties) = preSolution
		HideSolutionNode = FALSE
	EndGlobalSection
	GlobalSection(ExtensibilityGlobals) = postSolution
		SolutionGuid = {5340E91D-D34A-4431-ACB9-7D86627E9BE3}
	EndGlobalSection
EndGlobal
