
Microsoft Visual Studio Solution File, Format Version 12.00
# Visual Studio Version 17
VisualStudioVersion = 17.5.33516.290
MinimumVisualStudioVersion = 10.0.40219.1
Project("{FAE04EC0-301F-11D3-BF4B-00C04F79EFBC}") = "WebDemo", "WebDemo\WebDemo.csproj", "{F868B4F4-6768-47EE-A291-68DD1A604E6B}"
EndProject
Global
	GlobalSection(SolutionConfigurationPlatforms) = preSolution
		Debug|Any CPU = Debug|Any CPU
		Release|Any CPU = Release|Any CPU
	EndGlobalSection
	GlobalSection(ProjectConfigurationPlatforms) = postSolution
		{F868B4F4-6768-47EE-A291-68DD1A604E6B}.Debug|Any CPU.ActiveCfg = Debug|Any CPU
		{F868B4F4-6768-47EE-A291-68DD1A604E6B}.Debug|Any CPU.Build.0 = Debug|Any CPU
		{F868B4F4-6768-47EE-A291-68DD1A604E6B}.Release|Any CPU.ActiveCfg = Release|Any CPU
		{F868B4F4-6768-47EE-A291-68DD1A604E6B}.Release|Any CPU.Build.0 = Release|Any CPU
	EndGlobalSection
	GlobalSection(SolutionProperties) = preSolution
		HideSolutionNode = FALSE
	EndGlobalSection
	GlobalSection(ExtensibilityGlobals) = postSolution
		SolutionGuid = {BF823E0D-0730-4953-89A0-7761F3AB70C0}
	EndGlobalSection
EndGlobal
