
Microsoft Visual Studio Solution File, Format Version 12.00
# Visual Studio Version 17
VisualStudioVersion = 17.5.33516.290
MinimumVisualStudioVersion = 10.0.40219.1
Project("{FAE04EC0-301F-11D3-BF4B-00C04F79EFBC}") = "1and100", "1and100\1and100.csproj", "{7588EA45-60C9-4691-A3D9-088D1646390D}"
EndProject
Global
	GlobalSection(SolutionConfigurationPlatforms) = preSolution
		Debug|Any CPU = Debug|Any CPU
		Release|Any CPU = Release|Any CPU
	EndGlobalSection
	GlobalSection(ProjectConfigurationPlatforms) = postSolution
		{7588EA45-60C9-4691-A3D9-088D1646390D}.Debug|Any CPU.ActiveCfg = Debug|Any CPU
		{7588EA45-60C9-4691-A3D9-088D1646390D}.Debug|Any CPU.Build.0 = Debug|Any CPU
		{7588EA45-60C9-4691-A3D9-088D1646390D}.Release|Any CPU.ActiveCfg = Release|Any CPU
		{7588EA45-60C9-4691-A3D9-088D1646390D}.Release|Any CPU.Build.0 = Release|Any CPU
	EndGlobalSection
	GlobalSection(SolutionProperties) = preSolution
		HideSolutionNode = FALSE
	EndGlobalSection
	GlobalSection(ExtensibilityGlobals) = postSolution
		SolutionGuid = {CE06D782-E9F3-483C-A793-8D35CB97960C}
	EndGlobalSection
EndGlobal
