
Microsoft Visual Studio Solution File, Format Version 12.00
# Visual Studio Version 17
VisualStudioVersion = 17.5.33516.290
MinimumVisualStudioVersion = 10.0.40219.1
Project("{FAE04EC0-301F-11D3-BF4B-00C04F79EFBC}") = "Interface", "Interface\Interface.csproj", "{D931A0F6-0A55-4592-87C2-881E98F53756}"
EndProject
Global
	GlobalSection(SolutionConfigurationPlatforms) = preSolution
		Debug|Any CPU = Debug|Any CPU
		Release|Any CPU = Release|Any CPU
	EndGlobalSection
	GlobalSection(ProjectConfigurationPlatforms) = postSolution
		{D931A0F6-0A55-4592-87C2-881E98F53756}.Debug|Any CPU.ActiveCfg = Debug|Any CPU
		{D931A0F6-0A55-4592-87C2-881E98F53756}.Debug|Any CPU.Build.0 = Debug|Any CPU
		{D931A0F6-0A55-4592-87C2-881E98F53756}.Release|Any CPU.ActiveCfg = Release|Any CPU
		{D931A0F6-0A55-4592-87C2-881E98F53756}.Release|Any CPU.Build.0 = Release|Any CPU
	EndGlobalSection
	GlobalSection(SolutionProperties) = preSolution
		HideSolutionNode = FALSE
	EndGlobalSection
	GlobalSection(ExtensibilityGlobals) = postSolution
		SolutionGuid = {557603E5-0EBE-4C47-9C8B-B8553A34D51A}
	EndGlobalSection
EndGlobal
