
Microsoft Visual Studio Solution File, Format Version 12.00
# Visual Studio Version 17
VisualStudioVersion = 17.5.33516.290
MinimumVisualStudioVersion = 10.0.40219.1
Project("{FAE04EC0-301F-11D3-BF4B-00C04F79EFBC}") = "Challenge1", "Challenge1\Challenge1.csproj", "{3FC49E3C-CC64-464A-8ED9-B4F504EE457B}"
EndProject
Global
	GlobalSection(SolutionConfigurationPlatforms) = preSolution
		Debug|Any CPU = Debug|Any CPU
		Release|Any CPU = Release|Any CPU
	EndGlobalSection
	GlobalSection(ProjectConfigurationPlatforms) = postSolution
		{3FC49E3C-CC64-464A-8ED9-B4F504EE457B}.Debug|Any CPU.ActiveCfg = Debug|Any CPU
		{3FC49E3C-CC64-464A-8ED9-B4F504EE457B}.Debug|Any CPU.Build.0 = Debug|Any CPU
		{3FC49E3C-CC64-464A-8ED9-B4F504EE457B}.Release|Any CPU.ActiveCfg = Release|Any CPU
		{3FC49E3C-CC64-464A-8ED9-B4F504EE457B}.Release|Any CPU.Build.0 = Release|Any CPU
	EndGlobalSection
	GlobalSection(SolutionProperties) = preSolution
		HideSolutionNode = FALSE
	EndGlobalSection
	GlobalSection(ExtensibilityGlobals) = postSolution
		SolutionGuid = {5C45DDF5-E703-496F-83C8-148B90ECDFAE}
	EndGlobalSection
EndGlobal
