
Microsoft Visual Studio Solution File, Format Version 12.00
# Visual Studio Version 17
VisualStudioVersion = 17.5.33516.290
MinimumVisualStudioVersion = 10.0.40219.1
Project("{FAE04EC0-301F-11D3-BF4B-00C04F79EFBC}") = "Challenge1", "Challenge1\Challenge1.csproj", "{62A6047A-8F19-464F-910E-83FD61B02708}"
EndProject
Global
	GlobalSection(SolutionConfigurationPlatforms) = preSolution
		Debug|Any CPU = Debug|Any CPU
		Release|Any CPU = Release|Any CPU
	EndGlobalSection
	GlobalSection(ProjectConfigurationPlatforms) = postSolution
		{62A6047A-8F19-464F-910E-83FD61B02708}.Debug|Any CPU.ActiveCfg = Debug|Any CPU
		{62A6047A-8F19-464F-910E-83FD61B02708}.Debug|Any CPU.Build.0 = Debug|Any CPU
		{62A6047A-8F19-464F-910E-83FD61B02708}.Release|Any CPU.ActiveCfg = Release|Any CPU
		{62A6047A-8F19-464F-910E-83FD61B02708}.Release|Any CPU.Build.0 = Release|Any CPU
	EndGlobalSection
	GlobalSection(SolutionProperties) = preSolution
		HideSolutionNode = FALSE
	EndGlobalSection
	GlobalSection(ExtensibilityGlobals) = postSolution
		SolutionGuid = {037B64E7-E206-4DCD-9E88-E11BE5E627EB}
	EndGlobalSection
EndGlobal
