
Microsoft Visual Studio Solution File, Format Version 12.00
# Visual Studio Version 17
VisualStudioVersion = 17.5.33516.290
MinimumVisualStudioVersion = 10.0.40219.1
Project("{FAE04EC0-301F-11D3-BF4B-00C04F79EFBC}") = "DEBUGDEMO", "DEBUGDEMO\DEBUGDEMO.csproj", "{AE068FB1-A890-48ED-9699-C0F4AE3AC192}"
EndProject
Global
	GlobalSection(SolutionConfigurationPlatforms) = preSolution
		Debug|Any CPU = Debug|Any CPU
		Release|Any CPU = Release|Any CPU
	EndGlobalSection
	GlobalSection(ProjectConfigurationPlatforms) = postSolution
		{AE068FB1-A890-48ED-9699-C0F4AE3AC192}.Debug|Any CPU.ActiveCfg = Debug|Any CPU
		{AE068FB1-A890-48ED-9699-C0F4AE3AC192}.Debug|Any CPU.Build.0 = Debug|Any CPU
		{AE068FB1-A890-48ED-9699-C0F4AE3AC192}.Release|Any CPU.ActiveCfg = Release|Any CPU
		{AE068FB1-A890-48ED-9699-C0F4AE3AC192}.Release|Any CPU.Build.0 = Release|Any CPU
	EndGlobalSection
	GlobalSection(SolutionProperties) = preSolution
		HideSolutionNode = FALSE
	EndGlobalSection
	GlobalSection(ExtensibilityGlobals) = postSolution
		SolutionGuid = {D200120A-F3AA-44E3-9117-7DD4C3D513C7}
	EndGlobalSection
EndGlobal
