
Microsoft Visual Studio Solution File, Format Version 12.00
# Visual Studio Version 17
VisualStudioVersion = 17.5.33516.290
MinimumVisualStudioVersion = 10.0.40219.1
Project("{FAE04EC0-301F-11D3-BF4B-00C04F79EFBC}") = "JavaIfElse", "JavaIfElse\JavaIfElse.csproj", "{2D06AD25-D972-4F65-BA99-384ADD1F38F9}"
EndProject
Global
	GlobalSection(SolutionConfigurationPlatforms) = preSolution
		Debug|Any CPU = Debug|Any CPU
		Release|Any CPU = Release|Any CPU
	EndGlobalSection
	GlobalSection(ProjectConfigurationPlatforms) = postSolution
		{2D06AD25-D972-4F65-BA99-384ADD1F38F9}.Debug|Any CPU.ActiveCfg = Debug|Any CPU
		{2D06AD25-D972-4F65-BA99-384ADD1F38F9}.Debug|Any CPU.Build.0 = Debug|Any CPU
		{2D06AD25-D972-4F65-BA99-384ADD1F38F9}.Release|Any CPU.ActiveCfg = Release|Any CPU
		{2D06AD25-D972-4F65-BA99-384ADD1F38F9}.Release|Any CPU.Build.0 = Release|Any CPU
	EndGlobalSection
	GlobalSection(SolutionProperties) = preSolution
		HideSolutionNode = FALSE
	EndGlobalSection
	GlobalSection(ExtensibilityGlobals) = postSolution
		SolutionGuid = {C3C3BB90-1F6E-4B01-9828-31091DB4E19E}
	EndGlobalSection
EndGlobal
